# This file is automatically @generated by Cargo.
# It is not intended for manual editing.
version = 3

[[package]]
name = "async-attributes"
version = "1.1.2"
source = "registry+https://github.com/rust-lang/crates.io-index"
checksum = "a3203e79f4dd9bdda415ed03cf14dae5a2bf775c683a00f94e9cd1faf0f596e5"
dependencies = [
 "quote 1.0.28",
 "syn 1.0.109",
]

[[package]]
name = "async-channel"
version = "1.8.0"
source = "registry+https://github.com/rust-lang/crates.io-index"
checksum = "cf46fee83e5ccffc220104713af3292ff9bc7c64c7de289f66dae8e38d826833"
dependencies = [
 "concurrent-queue 2.2.0",
 "event-listener",
 "futures-core",
]

[[package]]
name = "async-datagram"
version = "2.2.0"
source = "registry+https://github.com/rust-lang/crates.io-index"
checksum = "43d8594c35b0f8c540f322ac40fcf32536fa9fe41872ccf60b445a06a87fd1ae"

[[package]]
name = "async-executor"
version = "1.4.1"
source = "registry+https://github.com/rust-lang/crates.io-index"
checksum = "871f9bb5e0a22eeb7e8cf16641feb87c9dc67032ccf8ff49e772eb9941d3a965"
dependencies = [
 "async-task",
 "concurrent-queue 1.2.4",
 "fastrand",
 "futures-lite",
 "once_cell",
 "slab",
]

[[package]]
name = "async-global-executor"
version = "2.3.1"
source = "registry+https://github.com/rust-lang/crates.io-index"
checksum = "f1b6f5d7df27bd294849f8eec66ecfc63d11814df7a4f5d74168a2394467b776"
dependencies = [
 "async-channel",
 "async-executor",
 "async-io",
 "async-lock",
 "blocking",
 "futures-lite",
 "once_cell",
]

[[package]]
name = "async-io"
version = "1.12.0"
source = "registry+https://github.com/rust-lang/crates.io-index"
checksum = "8c374dda1ed3e7d8f0d9ba58715f924862c63eae6849c92d3a18e7fbde9e2794"
dependencies = [
 "async-lock",
 "autocfg 1.1.0",
 "concurrent-queue 2.2.0",
 "futures-lite",
 "libc",
 "log",
 "parking",
 "polling",
 "slab",
 "socket2",
 "waker-fn",
 "windows-sys",
]

[[package]]
name = "async-lock"
version = "2.7.0"
source = "registry+https://github.com/rust-lang/crates.io-index"
checksum = "fa24f727524730b077666307f2734b4a1a1c57acb79193127dcc8914d5242dd7"
dependencies = [
 "event-listener",
]

[[package]]
name = "async-process"
version = "1.6.0"
source = "registry+https://github.com/rust-lang/crates.io-index"
checksum = "6381ead98388605d0d9ff86371043b5aa922a3905824244de40dc263a14fcba4"
dependencies = [
 "async-io",
 "async-lock",
 "autocfg 1.1.0",
 "blocking",
 "cfg-if 1.0.0",
 "event-listener",
 "futures-lite",
 "libc",
 "signal-hook",
 "windows-sys",
]

[[package]]
name = "async-ready"
version = "2.1.0"
source = "registry+https://github.com/rust-lang/crates.io-index"
checksum = "bb690f88f674eed5c82591f5bc74e97f0fe29393e39e3c3b18b451c92ab0e753"

[[package]]
name = "async-std"
version = "1.12.0"
source = "registry+https://github.com/rust-lang/crates.io-index"
checksum = "62565bb4402e926b29953c785397c6dc0391b7b446e45008b0049eb43cec6f5d"
dependencies = [
 "async-attributes",
 "async-channel",
 "async-global-executor",
 "async-io",
 "async-lock",
 "async-process",
 "crossbeam-utils 0.8.16",
 "futures-channel",
 "futures-core",
 "futures-io",
 "futures-lite",
 "gloo-timers",
 "kv-log-macro",
 "log",
 "memchr",
 "once_cell",
 "pin-project-lite",
 "pin-utils",
 "slab",
 "wasm-bindgen-futures",
]

[[package]]
name = "async-task"
version = "4.4.0"
source = "registry+https://github.com/rust-lang/crates.io-index"
checksum = "ecc7ab41815b3c653ccd2978ec3255c81349336702dfdf62ee6f7069b12a3aae"

[[package]]
name = "atomic-waker"
version = "1.1.1"
source = "registry+https://github.com/rust-lang/crates.io-index"
checksum = "1181e1e0d1fce796a03db1ae795d67167da795f9cf4a39c37589e85ef57f26d3"

[[package]]
name = "autocfg"
version = "0.1.4"
source = "registry+https://github.com/rust-lang/crates.io-index"
checksum = "0e49efa51329a5fd37e7c79db4621af617cd4e3e5bc224939808d076077077bf"

[[package]]
name = "autocfg"
version = "1.1.0"
source = "registry+https://github.com/rust-lang/crates.io-index"
checksum = "d468802bab17cbc0cc575e9b053f41e72aa36bfa6b7f55e3529ffa43161b97fa"

[[package]]
name = "base32"
version = "0.4.0"
source = "registry+https://github.com/rust-lang/crates.io-index"
checksum = "23ce669cd6c8588f79e15cf450314f9638f967fc5770ff1c7c1deb0925ea7cfa"

[[package]]
name = "bech32"
version = "0.7.3"
source = "registry+https://github.com/rust-lang/crates.io-index"
checksum = "2dabbe35f96fb9507f7330793dc490461b2962659ac5d427181e451a623751d1"

[[package]]
name = "bitflags"
version = "1.1.0"
source = "registry+https://github.com/rust-lang/crates.io-index"
checksum = "3d155346769a6855b86399e9bc3814ab343cd3d62c7e985113d46a0ec3c281fd"

[[package]]
name = "block-buffer"
version = "0.7.3"
source = "registry+https://github.com/rust-lang/crates.io-index"
checksum = "c0940dc441f31689269e10ac70eb1002a3a1d3ad1390e030043662eb7fe4688b"
dependencies = [
 "block-padding",
 "byte-tools",
 "byteorder",
 "generic-array",
]

[[package]]
name = "block-padding"
version = "0.1.4"
source = "registry+https://github.com/rust-lang/crates.io-index"
checksum = "6d4dc3af3ee2e12f3e5d224e5e1e3d73668abbeb69e566d361f7d5563a4fdf09"
dependencies = [
 "byte-tools",
]

[[package]]
name = "blocking"
version = "1.3.1"
source = "registry+https://github.com/rust-lang/crates.io-index"
checksum = "77231a1c8f801696fc0123ec6150ce92cffb8e164a02afb9c8ddee0e9b65ad65"
dependencies = [
 "async-channel",
 "async-lock",
 "async-task",
 "atomic-waker",
 "fastrand",
 "futures-lite",
 "log",
]

[[package]]
name = "brontide"
version = "0.0.0"
source = "git+https://github.com/UrkelLabs/brontide#caad0dded75441a39af30d3e8530d6ae53a00cda"
dependencies = [
 "async-std",
 "chacha20-poly1305-aead",
 "futures",
 "hex",
 "hkdf",
 "rand 0.6.5",
 "secp256k1",
 "sha2",
]

[[package]]
name = "bumpalo"
version = "3.13.0"
source = "registry+https://github.com/rust-lang/crates.io-index"
checksum = "a3e2c3daef883ecc1b5d58c15adae93470a91d425f3532ba1695849656af3fc1"

[[package]]
name = "byte-tools"
version = "0.3.1"
source = "registry+https://github.com/rust-lang/crates.io-index"
checksum = "e3b5ca7a04898ad4bcd41c90c5285445ff5b791899bb1b0abdd2a2aa791211d7"

[[package]]
name = "byteorder"
version = "1.3.2"
source = "registry+https://github.com/rust-lang/crates.io-index"
checksum = "a7c3dd8985a7111efc5c80b44e23ecdd8c007de8ade3b96595387e812b957cf5"

[[package]]
name = "cache-padded"
version = "1.3.0"
source = "registry+https://github.com/rust-lang/crates.io-index"
checksum = "981520c98f422fcc584dc1a95c334e6953900b9106bc47a9839b81790009eb21"

[[package]]
name = "cc"
version = "1.0.35"
source = "registry+https://github.com/rust-lang/crates.io-index"
checksum = "5e5f3fee5eeb60324c2781f1e41286bdee933850fff9b3c672587fed5ec58c83"

[[package]]
name = "cfg-if"
version = "0.1.9"
source = "registry+https://github.com/rust-lang/crates.io-index"
checksum = "b486ce3ccf7ffd79fdeb678eac06a9e6c09fc88d33836340becb8fffe87c5e33"

[[package]]
name = "cfg-if"
version = "1.0.0"
source = "registry+https://github.com/rust-lang/crates.io-index"
checksum = "baf1de4339761588bc0619e3cbc0120ee582ebb74b53b4efbf79117bd2da40fd"

[[package]]
name = "chacha20-poly1305-aead"
version = "0.1.2"
source = "registry+https://github.com/rust-lang/crates.io-index"
checksum = "77d2058ba29594f69c75e8a9018e0485e3914ca5084e3613cd64529042f5423b"
dependencies = [
 "constant_time_eq",
]

[[package]]
name = "chrono"
version = "0.4.6"
source = "registry+https://github.com/rust-lang/crates.io-index"
checksum = "45912881121cb26fad7c38c17ba7daa18764771836b34fab7d3fbd93ed633878"
dependencies = [
 "num-integer",
 "num-traits",
 "time",
]

[[package]]
name = "cloudabi"
version = "0.0.3"
source = "registry+https://github.com/rust-lang/crates.io-index"
checksum = "ddfc5b9aa5d4507acaf872de71051dfd0e309860e88966e1051e462a077aac4f"
dependencies = [
 "bitflags",
]

[[package]]
name = "concurrent-queue"
version = "1.2.4"
source = "registry+https://github.com/rust-lang/crates.io-index"
checksum = "af4780a44ab5696ea9e28294517f1fffb421a83a25af521333c838635509db9c"
dependencies = [
 "cache-padded",
]

[[package]]
name = "concurrent-queue"
version = "2.2.0"
source = "registry+https://github.com/rust-lang/crates.io-index"
checksum = "62ec6771ecfa0762d24683ee5a32ad78487a3d3afdc0fb8cae19d2c5deb50b7c"
dependencies = [
 "crossbeam-utils 0.8.16",
]

[[package]]
name = "constant_time_eq"
version = "0.1.3"
source = "registry+https://github.com/rust-lang/crates.io-index"
checksum = "8ff012e225ce166d4422e0e78419d901719760f62ae2b7969ca6b564d1b54a9e"

[[package]]
name = "cpufeatures"
version = "0.2.7"
source = "registry+https://github.com/rust-lang/crates.io-index"
checksum = "3e4c1eaa2012c47becbbad2ab175484c2a84d1185b566fb2cc5b8707343dfe58"
dependencies = [
 "libc",
]

[[package]]
name = "crossbeam"
version = "0.7.3"
source = "registry+https://github.com/rust-lang/crates.io-index"
checksum = "69323bff1fb41c635347b8ead484a5ca6c3f11914d784170b158d8449ab07f8e"
dependencies = [
 "cfg-if 0.1.9",
 "crossbeam-channel",
 "crossbeam-deque",
 "crossbeam-epoch",
 "crossbeam-queue",
 "crossbeam-utils 0.7.2",
]

[[package]]
name = "crossbeam-channel"
version = "0.4.4"
source = "registry+https://github.com/rust-lang/crates.io-index"
checksum = "b153fe7cbef478c567df0f972e02e6d736db11affe43dfc9c56a9374d1adfb87"
dependencies = [
 "crossbeam-utils 0.7.2",
 "maybe-uninit",
]

[[package]]
name = "crossbeam-deque"
version = "0.7.4"
source = "registry+https://github.com/rust-lang/crates.io-index"
checksum = "c20ff29ded3204c5106278a81a38f4b482636ed4fa1e6cfbeef193291beb29ed"
dependencies = [
 "crossbeam-epoch",
 "crossbeam-utils 0.7.2",
 "maybe-uninit",
]

[[package]]
name = "crossbeam-epoch"
version = "0.8.2"
source = "registry+https://github.com/rust-lang/crates.io-index"
checksum = "058ed274caafc1f60c4997b5fc07bf7dc7cca454af7c6e81edffe5f33f70dace"
dependencies = [
 "autocfg 1.1.0",
 "cfg-if 0.1.9",
 "crossbeam-utils 0.7.2",
 "lazy_static",
 "maybe-uninit",
 "memoffset",
 "scopeguard 1.1.0",
]

[[package]]
name = "crossbeam-queue"
version = "0.2.3"
source = "registry+https://github.com/rust-lang/crates.io-index"
checksum = "774ba60a54c213d409d5353bda12d49cd68d14e45036a285234c8d6f91f92570"
dependencies = [
 "cfg-if 0.1.9",
 "crossbeam-utils 0.7.2",
 "maybe-uninit",
]

[[package]]
name = "crossbeam-utils"
version = "0.6.5"
source = "registry+https://github.com/rust-lang/crates.io-index"
checksum = "f8306fcef4a7b563b76b7dd949ca48f52bc1141aa067d2ea09565f3e2652aa5c"
dependencies = [
 "cfg-if 0.1.9",
 "lazy_static",
]

[[package]]
name = "crossbeam-utils"
version = "0.7.2"
source = "registry+https://github.com/rust-lang/crates.io-index"
checksum = "c3c7c73a2d1e9fc0886a08b93e98eb643461230d5f1925e4036204d5f2e261a8"
dependencies = [
 "autocfg 1.1.0",
 "cfg-if 0.1.9",
 "lazy_static",
]

[[package]]
name = "crossbeam-utils"
version = "0.8.16"
source = "registry+https://github.com/rust-lang/crates.io-index"
checksum = "5a22b2d63d4d1dc0b7f1b6b2747dd0088008a9be28b6ddf0b1e7d335e3037294"
dependencies = [
 "cfg-if 1.0.0",
]

[[package]]
name = "crunchy"
version = "0.2.2"
source = "registry+https://github.com/rust-lang/crates.io-index"
checksum = "7a81dae078cea95a014a339291cec439d2f232ebe854a9d672b796c6afafa9b7"

[[package]]
name = "crypto-mac"
version = "0.7.0"
source = "registry+https://github.com/rust-lang/crates.io-index"
checksum = "4434400df11d95d556bac068ddfedd482915eb18fe8bea89bc80b6e4b1c179e5"
dependencies = [
 "generic-array",
 "subtle",
]

[[package]]
name = "cryptoxide"
version = "0.1.3"
source = "registry+https://github.com/rust-lang/crates.io-index"
checksum = "e35f15e1a0699dd988fed910dd78fdc6407f44654cd12589c91fa44ea67d9159"

[[package]]
name = "digest"
version = "0.8.0"
source = "registry+https://github.com/rust-lang/crates.io-index"
checksum = "05f47366984d3ad862010e22c7ce81a7dbcaebbdfb37241a620f8b6596ee135c"
dependencies = [
 "generic-array",
]

[[package]]
name = "encodings"
version = "0.1.0"
source = "registry+https://github.com/rust-lang/crates.io-index"
checksum = "1c0ed3eeed470393a6ab324a385923fab09beefe93c65a31fa72f3bee44efb96"

[[package]]
name = "event-listener"
version = "2.5.3"
source = "registry+https://github.com/rust-lang/crates.io-index"
checksum = "0206175f82b8d6bf6652ff7d71a1e27fd2e4efde587fd368662814d6ec1d9ce0"

[[package]]
name = "extended-primitives"
version = "0.3.8"
source = "registry+https://github.com/rust-lang/crates.io-index"
checksum = "55ad23beaf1c0940fbfa6f4fcc7abebb3463466cc42f246db70d0b283e4d1962"
dependencies = [
 "encodings",
 "serde",
 "thiserror",
]

[[package]]
name = "fake-simd"
version = "0.1.2"
source = "registry+https://github.com/rust-lang/crates.io-index"
checksum = "e88a8acf291dafb59c2d96e8f59828f3838bb1a70398823ade51a84de6a6deed"

[[package]]
name = "fasthash"
version = "0.4.0"
source = "registry+https://github.com/rust-lang/crates.io-index"
checksum = "032213946b4eaae09117ec63f020322b78ca7a31d8aa2cf64df3032e1579690f"
dependencies = [
 "cfg-if 0.1.9",
 "fasthash-sys",
 "num-traits",
 "seahash",
 "xoroshiro128",
]

[[package]]
name = "fasthash-sys"
version = "0.3.2"
source = "registry+https://github.com/rust-lang/crates.io-index"
checksum = "b6de941abfe2e715cdd34009d90546f850597eb69ca628ddfbf616e53dda28f8"
dependencies = [
 "gcc",
]

[[package]]
name = "fastrand"
version = "1.9.0"
source = "registry+https://github.com/rust-lang/crates.io-index"
checksum = "e51093e27b0797c359783294ca4f0a911c270184cb10f85783b118614a1501be"
dependencies = [
 "instant",
]

[[package]]
name = "fuchsia-cprng"
version = "0.1.1"
source = "registry+https://github.com/rust-lang/crates.io-index"
checksum = "a06f77d526c1a601b7c4cdd98f54b5eaabffc14d5f2f0296febdc7f357c6d3ba"

[[package]]
name = "fuchsia-zircon"
version = "0.3.3"
source = "registry+https://github.com/rust-lang/crates.io-index"
checksum = "2e9763c69ebaae630ba35f74888db465e49e259ba1bc0eda7d06f4a067615d82"
dependencies = [
 "bitflags",
 "fuchsia-zircon-sys",
]

[[package]]
name = "fuchsia-zircon-sys"
version = "0.3.3"
source = "registry+https://github.com/rust-lang/crates.io-index"
checksum = "3dcaa9ae7725d12cdb85b3ad99a434db70b468c09ded17e012d86b5c1010f7a7"

[[package]]
name = "futures"
version = "0.3.28"
source = "registry+https://github.com/rust-lang/crates.io-index"
checksum = "23342abe12aba583913b2e62f22225ff9c950774065e4bfb61a19cd9770fec40"
dependencies = [
 "futures-channel",
 "futures-core",
 "futures-executor",
 "futures-io",
 "futures-sink",
 "futures-task",
 "futures-util",
]

[[package]]
name = "futures-channel"
version = "0.3.28"
source = "registry+https://github.com/rust-lang/crates.io-index"
checksum = "955518d47e09b25bbebc7a18df10b81f0c766eaf4c4f1cccef2fca5f2a4fb5f2"
dependencies = [
 "futures-core",
 "futures-sink",
]

[[package]]
name = "futures-channel-preview"
version = "0.3.0-alpha.18"
source = "registry+https://github.com/rust-lang/crates.io-index"
checksum = "f477fd0292c4a4ae77044454e7f2b413207942ad405f759bb0b4698b7ace5b12"
dependencies = [
 "futures-core-preview",
 "futures-sink-preview",
]

[[package]]
name = "futures-core"
version = "0.3.28"
source = "registry+https://github.com/rust-lang/crates.io-index"
checksum = "4bca583b7e26f571124fe5b7561d49cb2868d79116cfa0eefce955557c6fee8c"

[[package]]
name = "futures-core-preview"
version = "0.3.0-alpha.18"
source = "registry+https://github.com/rust-lang/crates.io-index"
checksum = "4a2f26f774b81b3847dcda0c81bd4b6313acfb4f69e5a0390c7cb12c058953e9"

[[package]]
name = "futures-executor"
version = "0.3.28"
source = "registry+https://github.com/rust-lang/crates.io-index"
checksum = "ccecee823288125bd88b4d7f565c9e58e41858e47ab72e8ea2d64e93624386e0"
dependencies = [
 "futures-core",
 "futures-task",
 "futures-util",
]

[[package]]
name = "futures-executor-preview"
version = "0.3.0-alpha.18"
source = "registry+https://github.com/rust-lang/crates.io-index"
checksum = "80705612926df8a1bc05f0057e77460e29318801f988bf7d803a734cf54e7528"
dependencies = [
 "futures-core-preview",
 "futures-util-preview",
 "num_cpus",
]

[[package]]
name = "futures-io"
version = "0.3.28"
source = "registry+https://github.com/rust-lang/crates.io-index"
checksum = "4fff74096e71ed47f8e023204cfd0aa1289cd54ae5430a9523be060cdb849964"

[[package]]
name = "futures-io-preview"
version = "0.3.0-alpha.18"
source = "registry+https://github.com/rust-lang/crates.io-index"
checksum = "ee7de0c1c9ed23f9457b0437fec7663ce64d9cc3c906597e714e529377b5ddd1"

[[package]]
name = "futures-join-macro-preview"
version = "0.3.0-alpha.18"
source = "registry+https://github.com/rust-lang/crates.io-index"
checksum = "1b151e04c412159cfe4ac5cd0d0bc037addda57f48c4d46d00152cfdae7e52d9"
dependencies = [
 "proc-macro-hack",
 "proc-macro2 0.4.30",
 "quote 0.6.12",
 "syn 0.15.35",
]

[[package]]
name = "futures-lite"
version = "1.13.0"
source = "registry+https://github.com/rust-lang/crates.io-index"
checksum = "49a9d51ce47660b1e808d3c990b4709f2f415d928835a17dfd16991515c46bce"
dependencies = [
 "fastrand",
 "futures-core",
 "futures-io",
 "memchr",
 "parking",
 "pin-project-lite",
 "waker-fn",
]

[[package]]
name = "futures-macro"
version = "0.3.28"
source = "registry+https://github.com/rust-lang/crates.io-index"
checksum = "89ca545a94061b6365f2c7355b4b32bd20df3ff95f02da9329b34ccc3bd6ee72"
dependencies = [
 "proc-macro2 1.0.60",
 "quote 1.0.28",
 "syn 2.0.18",
]

[[package]]
name = "futures-preview"
version = "0.3.0-alpha.18"
source = "registry+https://github.com/rust-lang/crates.io-index"
checksum = "efa8f90c4fb2328e381f8adfd4255b4a2b696f77d1c63a3dee6700b564c4e4b5"
dependencies = [
 "futures-channel-preview",
 "futures-core-preview",
 "futures-executor-preview",
 "futures-io-preview",
 "futures-sink-preview",
 "futures-util-preview",
]

[[package]]
name = "futures-select-macro-preview"
version = "0.3.0-alpha.18"
source = "registry+https://github.com/rust-lang/crates.io-index"
checksum = "767dbbb9accba815dc1f327b20cbe932e42ef11668fe35764ed52f74c66a54c3"
dependencies = [
 "proc-macro-hack",
 "proc-macro2 0.4.30",
 "quote 0.6.12",
 "syn 0.15.35",
]

[[package]]
name = "futures-sink"
version = "0.3.28"
source = "registry+https://github.com/rust-lang/crates.io-index"
checksum = "f43be4fe21a13b9781a69afa4985b0f6ee0e1afab2c6f454a8cf30e2b2237b6e"

[[package]]
name = "futures-sink-preview"
version = "0.3.0-alpha.18"
source = "registry+https://github.com/rust-lang/crates.io-index"
checksum = "e9b65a2481863d1b78e094a07e9c0eed458cc7dc6e72b22b7138b8a67d924859"
dependencies = [
 "futures-core-preview",
]

[[package]]
name = "futures-task"
version = "0.3.28"
source = "registry+https://github.com/rust-lang/crates.io-index"
checksum = "76d3d132be6c0e6aa1534069c705a74a5997a356c0dc2f86a47765e5617c5b65"

[[package]]
name = "futures-timer"
version = "0.2.1"
source = "registry+https://github.com/rust-lang/crates.io-index"
checksum = "eb4a32e84935678650944c6ebd0d912db46405d37bf94f1a058435c5080abcb1"
dependencies = [
 "futures-preview",
 "pin-utils",
]

[[package]]
name = "futures-util"
version = "0.3.28"
source = "registry+https://github.com/rust-lang/crates.io-index"
checksum = "26b01e40b772d54cf6c6d721c1d1abd0647a0106a12ecaa1c186273392a69533"
dependencies = [
 "futures-channel",
 "futures-core",
 "futures-io",
 "futures-macro",
 "futures-sink",
 "futures-task",
 "memchr",
 "pin-project-lite",
 "pin-utils",
 "slab",
]

[[package]]
name = "futures-util-preview"
version = "0.3.0-alpha.18"
source = "registry+https://github.com/rust-lang/crates.io-index"
checksum = "7df53daff1e98cc024bf2720f3ceb0414d96fbb0a94f3cad3a5c3bf3be1d261c"
dependencies = [
 "futures-channel-preview",
 "futures-core-preview",
 "futures-io-preview",
 "futures-join-macro-preview",
 "futures-select-macro-preview",
 "futures-sink-preview",
 "memchr",
 "pin-utils",
 "proc-macro-hack",
 "proc-macro-nested",
 "rand 0.7.3",
 "slab",
]

[[package]]
name = "gcc"
version = "0.3.55"
source = "registry+https://github.com/rust-lang/crates.io-index"
checksum = "8f5f3913fa0bfe7ee1fd8248b6b9f42a5af4b9d65ec2dd2c3c26132b950ecfc2"

[[package]]
name = "generic-array"
version = "0.12.0"
source = "registry+https://github.com/rust-lang/crates.io-index"
checksum = "3c0f28c2f5bfb5960175af447a2da7c18900693738343dc896ffbcabd9839592"
dependencies = [
 "typenum",
]

[[package]]
name = "getrandom"
version = "0.1.16"
source = "registry+https://github.com/rust-lang/crates.io-index"
checksum = "8fc3cb4d91f53b50155bdcfd23f6a4c39ae1969c2ae85982b135750cccaf5fce"
dependencies = [
 "cfg-if 1.0.0",
 "libc",
 "wasi",
]

[[package]]
name = "gloo-timers"
version = "0.2.6"
source = "registry+https://github.com/rust-lang/crates.io-index"
checksum = "9b995a66bb87bebce9a0f4a95aed01daca4872c050bfcb21653361c03bc35e5c"
dependencies = [
 "futures-channel",
 "futures-core",
 "js-sys",
 "wasm-bindgen",
]

[[package]]
name = "handshake-encoding"
version = "0.1.2"
dependencies = [
 "encodings",
 "extended-primitives",
]

[[package]]
name = "handshake-net"
version = "0.1.0"
dependencies = [
 "base32",
 "bitflags",
 "brontide",
 "chrono",
 "extended-primitives",
 "fasthash",
 "futures-preview",
 "futures-timer",
 "handshake-primitives",
 "handshake-protocol",
 "handshake-types",
 "hex",
 "juliex",
 "log",
 "rand 0.7.3",
 "romio",
]

[[package]]
name = "handshake-primitives"
version = "0.1.0"
dependencies = [
 "bech32",
 "cryptoxide",
 "encodings",
 "extended-primitives",
 "handshake-encoding",
 "handshake-protocol",
 "handshake-script",
 "handshake-types",
 "rand 0.7.3",
 "sha3",
 "sp800-185",
]

[[package]]
name = "handshake-protocol"
version = "0.1.0"
dependencies = [
 "extended-primitives",
 "handshake-types",
]

[[package]]
name = "handshake-script"
version = "0.1.0"
dependencies = [
 "extended-primitives",
 "handshake-encoding",
]

[[package]]
name = "handshake-types"
version = "0.1.2-alpha.0"
dependencies = [
 "chrono",
 "cryptoxide",
 "encodings",
 "extended-primitives",
 "handshake-encoding",
]

[[package]]
name = "hex"
version = "0.3.2"
source = "registry+https://github.com/rust-lang/crates.io-index"
checksum = "805026a5d0141ffc30abb3be3173848ad46a1b1664fe632428479619a3644d77"

[[package]]
name = "hkdf"
version = "0.7.0"
source = "registry+https://github.com/rust-lang/crates.io-index"
checksum = "1a89c4638cf4e02d9db29750659d2af13d9001b508716f77d4693ec8a1f8bda8"
dependencies = [
 "digest",
 "hmac",
]

[[package]]
name = "hmac"
version = "0.7.0"
source = "registry+https://github.com/rust-lang/crates.io-index"
checksum = "f127a908633569f208325f86f71255d3363c79721d7f9fe31cd5569908819771"
dependencies = [
 "crypto-mac",
 "digest",
]

[[package]]
name = "instant"
version = "0.1.12"
source = "registry+https://github.com/rust-lang/crates.io-index"
checksum = "7a5bbe824c507c5da5956355e86a746d82e0e1464f65d862cc5e71da70e94b2c"
dependencies = [
 "cfg-if 1.0.0",
]

[[package]]
name = "iovec"
version = "0.1.2"
source = "registry+https://github.com/rust-lang/crates.io-index"
checksum = "dbe6e417e7d0975db6512b90796e8ce223145ac4e33c377e4a42882a0e88bb08"
dependencies = [
 "libc",
 "winapi 0.2.8",
]

[[package]]
name = "js-sys"
version = "0.3.64"
source = "registry+https://github.com/rust-lang/crates.io-index"
checksum = "c5f195fe497f702db0f318b07fdd68edb16955aed830df8363d837542f8f935a"
dependencies = [
 "wasm-bindgen",
]

[[package]]
name = "juliex"
version = "0.3.0-alpha.8"
source = "registry+https://github.com/rust-lang/crates.io-index"
checksum = "22dcfd5923ddd3e945884e66c89f92e7ce370e8fcabc593f6af1ce76e21099bc"
dependencies = [
 "crossbeam",
 "futures-preview",
 "lazy_static",
 "num_cpus",
]

[[package]]
name = "keccak"
version = "0.1.4"
source = "registry+https://github.com/rust-lang/crates.io-index"
checksum = "8f6d5ed8676d904364de097082f4e7d240b571b67989ced0240f08b7f966f940"
dependencies = [
 "cpufeatures",
]

[[package]]
name = "kernel32-sys"
version = "0.2.2"
source = "registry+https://github.com/rust-lang/crates.io-index"
checksum = "7507624b29483431c0ba2d82aece8ca6cdba9382bff4ddd0f7490560c056098d"
dependencies = [
 "winapi 0.2.8",
 "winapi-build",
]

[[package]]
name = "kv-log-macro"
version = "1.0.7"
source = "registry+https://github.com/rust-lang/crates.io-index"
checksum = "0de8b303297635ad57c9f5059fd9cee7a47f8e8daa09df0fcd07dd39fb22977f"
dependencies = [
 "log",
]

[[package]]
name = "lazy_static"
version = "1.3.0"
source = "registry+https://github.com/rust-lang/crates.io-index"
checksum = "bc5729f27f159ddd61f4df6228e827e86643d4d3e7c32183cb30a1c08f604a14"

[[package]]
name = "libc"
version = "0.2.146"
source = "registry+https://github.com/rust-lang/crates.io-index"
checksum = "f92be4933c13fd498862a9e02a3055f8a8d9c039ce33db97306fd5a6caa7f29b"

[[package]]
name = "lock_api"
version = "0.1.5"
source = "registry+https://github.com/rust-lang/crates.io-index"
checksum = "62ebf1391f6acad60e5c8b43706dde4582df75c06698ab44511d15016bc2442c"
dependencies = [
 "owning_ref",
 "scopeguard 0.3.3",
]

[[package]]
name = "log"
version = "0.4.19"
source = "registry+https://github.com/rust-lang/crates.io-index"
checksum = "b06a4cde4c0f271a446782e3eff8de789548ce57dbc8eca9292c27f4a42004b4"
dependencies = [
 "value-bag",
]

[[package]]
name = "maybe-uninit"
version = "2.0.0"
source = "registry+https://github.com/rust-lang/crates.io-index"
checksum = "60302e4db3a61da70c0cb7991976248362f30319e88850c487b9b95bbf059e00"

[[package]]
name = "memchr"
version = "2.5.0"
source = "registry+https://github.com/rust-lang/crates.io-index"
checksum = "2dffe52ecf27772e601905b7522cb4ef790d2cc203488bbd0e2fe85fcb74566d"

[[package]]
name = "memoffset"
version = "0.5.6"
source = "registry+https://github.com/rust-lang/crates.io-index"
checksum = "043175f069eda7b85febe4a74abbaeff828d9f8b448515d3151a14a3542811aa"
dependencies = [
 "autocfg 1.1.0",
]

[[package]]
name = "mio"
version = "0.6.19"
source = "registry+https://github.com/rust-lang/crates.io-index"
checksum = "83f51996a3ed004ef184e16818edc51fadffe8e7ca68be67f9dee67d84d0ff23"
dependencies = [
 "fuchsia-zircon",
 "fuchsia-zircon-sys",
 "iovec",
 "kernel32-sys",
 "libc",
 "log",
 "miow",
 "net2",
 "slab",
 "winapi 0.2.8",
]

[[package]]
name = "mio-uds"
version = "0.6.7"
source = "registry+https://github.com/rust-lang/crates.io-index"
checksum = "966257a94e196b11bb43aca423754d87429960a768de9414f3691d6957abf125"
dependencies = [
 "iovec",
 "libc",
 "mio",
]

[[package]]
name = "miow"
version = "0.2.1"
source = "registry+https://github.com/rust-lang/crates.io-index"
checksum = "8c1f2f3b1cf331de6896aabf6e9d55dca90356cc9960cca7eaaf408a355ae919"
dependencies = [
 "kernel32-sys",
 "net2",
 "winapi 0.2.8",
 "ws2_32-sys",
]

[[package]]
name = "net2"
version = "0.2.38"
source = "registry+https://github.com/rust-lang/crates.io-index"
checksum = "74d0df99cfcd2530b2e694f6e17e7f37b8e26bb23983ac530c0c97408837c631"
dependencies = [
 "cfg-if 0.1.9",
 "libc",
 "winapi 0.3.9",
]

[[package]]
name = "num-integer"
version = "0.1.41"
source = "registry+https://github.com/rust-lang/crates.io-index"
checksum = "b85e541ef8255f6cf42bbfe4ef361305c6c135d10919ecc26126c4e5ae94bc09"
dependencies = [
 "autocfg 0.1.4",
 "num-traits",
]

[[package]]
name = "num-traits"
version = "0.2.8"
source = "registry+https://github.com/rust-lang/crates.io-index"
checksum = "6ba9a427cfca2be13aa6f6403b0b7e7368fe982bfa16fccc450ce74c46cd9b32"
dependencies = [
 "autocfg 0.1.4",
]

[[package]]
name = "num_cpus"
version = "1.10.1"
source = "registry+https://github.com/rust-lang/crates.io-index"
checksum = "bcef43580c035376c0705c42792c294b66974abbfd2789b511784023f71f3273"
dependencies = [
 "libc",
]

[[package]]
name = "once_cell"
version = "1.18.0"
source = "registry+https://github.com/rust-lang/crates.io-index"
checksum = "dd8b5dd2ae5ed71462c540258bedcb51965123ad7e7ccf4b9a8cafaa4a63576d"

[[package]]
name = "opaque-debug"
version = "0.2.2"
source = "registry+https://github.com/rust-lang/crates.io-index"
checksum = "93f5bb2e8e8dec81642920ccff6b61f1eb94fa3020c5a325c9851ff604152409"

[[package]]
name = "owning_ref"
version = "0.4.0"
source = "registry+https://github.com/rust-lang/crates.io-index"
checksum = "49a4b8ea2179e6a2e27411d3bca09ca6dd630821cf6894c6c7c8467a8ee7ef13"
dependencies = [
 "stable_deref_trait",
]

[[package]]
name = "parking"
version = "2.1.0"
source = "registry+https://github.com/rust-lang/crates.io-index"
checksum = "14f2252c834a40ed9bb5422029649578e63aa341ac401f74e719dd1afda8394e"

[[package]]
name = "parking_lot"
version = "0.7.1"
source = "registry+https://github.com/rust-lang/crates.io-index"
checksum = "ab41b4aed082705d1056416ae4468b6ea99d52599ecf3169b00088d43113e337"
dependencies = [
 "lock_api",
 "parking_lot_core",
]

[[package]]
name = "parking_lot_core"
version = "0.4.0"
source = "registry+https://github.com/rust-lang/crates.io-index"
checksum = "94c8c7923936b28d546dfd14d4472eaf34c99b14e1c973a32b3e6d4eb04298c9"
dependencies = [
 "libc",
 "rand 0.6.5",
 "rustc_version",
 "smallvec",
 "winapi 0.3.9",
]

[[package]]
name = "pin-project-lite"
version = "0.2.9"
source = "registry+https://github.com/rust-lang/crates.io-index"
checksum = "e0a7ae3ac2f1173085d398531c705756c94a4c56843785df85a60c1a0afac116"

[[package]]
name = "pin-utils"
version = "0.1.0"
source = "registry+https://github.com/rust-lang/crates.io-index"
checksum = "8b870d8c151b6f2fb93e84a13146138f05d02ed11c7e7c54f8826aaaf7c9f184"

[[package]]
name = "polling"
version = "2.5.2"
source = "registry+https://github.com/rust-lang/crates.io-index"
checksum = "22122d5ec4f9fe1b3916419b76be1e80bcb93f618d071d2edf841b137b2a2bd6"
dependencies = [
 "autocfg 1.1.0",
 "cfg-if 1.0.0",
 "libc",
 "log",
 "wepoll-ffi",
 "windows-sys",
]

[[package]]
name = "ppv-lite86"
version = "0.2.17"
source = "registry+https://github.com/rust-lang/crates.io-index"
checksum = "5b40af805b3121feab8a3c29f04d8ad262fa8e0561883e7653e024ae4479e6de"

[[package]]
name = "proc-macro-hack"
version = "0.5.7"
source = "registry+https://github.com/rust-lang/crates.io-index"
checksum = "0c1dd4172a1e1f96f709341418f49b11ea6c2d95d53dca08c0f74cbd332d9cf3"
dependencies = [
 "proc-macro2 0.4.30",
 "quote 0.6.12",
 "syn 0.15.35",
]

[[package]]
name = "proc-macro-nested"
version = "0.1.3"
source = "registry+https://github.com/rust-lang/crates.io-index"
checksum = "369a6ed065f249a159e06c45752c780bda2fb53c995718f9e484d08daa9eb42e"

[[package]]
name = "proc-macro2"
version = "0.4.30"
source = "registry+https://github.com/rust-lang/crates.io-index"
checksum = "cf3d2011ab5c909338f7887f4fc896d35932e29146c12c8d01da6b22a80ba759"
dependencies = [
 "unicode-xid",
]

[[package]]
name = "proc-macro2"
version = "1.0.60"
source = "registry+https://github.com/rust-lang/crates.io-index"
checksum = "dec2b086b7a862cf4de201096214fa870344cf922b2b30c167badb3af3195406"
dependencies = [
 "unicode-ident",
]

[[package]]
name = "quote"
version = "0.6.12"
source = "registry+https://github.com/rust-lang/crates.io-index"
checksum = "faf4799c5d274f3868a4aae320a0a182cbd2baee377b378f080e16a23e9d80db"
dependencies = [
 "proc-macro2 0.4.30",
]

[[package]]
name = "quote"
version = "1.0.28"
source = "registry+https://github.com/rust-lang/crates.io-index"
checksum = "1b9ab9c7eadfd8df19006f1cf1a4aed13540ed5cbc047010ece5826e10825488"
dependencies = [
 "proc-macro2 1.0.60",
]

[[package]]
name = "rand"
version = "0.4.6"
source = "registry+https://github.com/rust-lang/crates.io-index"
checksum = "552840b97013b1a26992c11eac34bdd778e464601a4c2054b5f0bff7c6761293"
dependencies = [
 "fuchsia-cprng",
 "libc",
 "rand_core 0.3.1",
 "rdrand",
 "winapi 0.3.9",
]

[[package]]
name = "rand"
version = "0.6.5"
source = "registry+https://github.com/rust-lang/crates.io-index"
checksum = "6d71dacdc3c88c1fde3885a3be3fbab9f35724e6ce99467f7d9c5026132184ca"
dependencies = [
 "autocfg 0.1.4",
 "libc",
 "rand_chacha 0.1.1",
 "rand_core 0.4.0",
 "rand_hc 0.1.0",
 "rand_isaac",
 "rand_jitter",
 "rand_os",
 "rand_pcg",
 "rand_xorshift",
 "winapi 0.3.9",
]

[[package]]
name = "rand"
version = "0.7.3"
source = "registry+https://github.com/rust-lang/crates.io-index"
checksum = "6a6b1679d49b24bbfe0c803429aa1874472f50d9b363131f0e89fc356b544d03"
dependencies = [
 "getrandom",
 "libc",
 "rand_chacha 0.2.2",
 "rand_core 0.5.1",
 "rand_hc 0.2.0",
]

[[package]]
name = "rand_chacha"
version = "0.1.1"
source = "registry+https://github.com/rust-lang/crates.io-index"
checksum = "556d3a1ca6600bfcbab7c7c91ccb085ac7fbbcd70e008a98742e7847f4f7bcef"
dependencies = [
 "autocfg 0.1.4",
 "rand_core 0.3.1",
]

[[package]]
name = "rand_chacha"
version = "0.2.2"
source = "registry+https://github.com/rust-lang/crates.io-index"
checksum = "f4c8ed856279c9737206bf725bf36935d8666ead7aa69b52be55af369d193402"
dependencies = [
 "ppv-lite86",
 "rand_core 0.5.1",
]

[[package]]
name = "rand_core"
version = "0.3.1"
source = "registry+https://github.com/rust-lang/crates.io-index"
checksum = "7a6fdeb83b075e8266dcc8762c22776f6877a63111121f5f8c7411e5be7eed4b"
dependencies = [
 "rand_core 0.4.0",
]

[[package]]
name = "rand_core"
version = "0.4.0"
source = "registry+https://github.com/rust-lang/crates.io-index"
checksum = "d0e7a549d590831370895ab7ba4ea0c1b6b011d106b5ff2da6eee112615e6dc0"

[[package]]
name = "rand_core"
version = "0.5.1"
source = "registry+https://github.com/rust-lang/crates.io-index"
checksum = "90bde5296fc891b0cef12a6d03ddccc162ce7b2aff54160af9338f8d40df6d19"
dependencies = [
 "getrandom",
]

[[package]]
name = "rand_hc"
version = "0.1.0"
source = "registry+https://github.com/rust-lang/crates.io-index"
checksum = "7b40677c7be09ae76218dc623efbf7b18e34bced3f38883af07bb75630a21bc4"
dependencies = [
 "rand_core 0.3.1",
]

[[package]]
name = "rand_hc"
version = "0.2.0"
source = "registry+https://github.com/rust-lang/crates.io-index"
checksum = "ca3129af7b92a17112d59ad498c6f81eaf463253766b90396d39ea7a39d6613c"
dependencies = [
 "rand_core 0.5.1",
]

[[package]]
name = "rand_isaac"
version = "0.1.1"
source = "registry+https://github.com/rust-lang/crates.io-index"
checksum = "ded997c9d5f13925be2a6fd7e66bf1872597f759fd9dd93513dd7e92e5a5ee08"
dependencies = [
 "rand_core 0.3.1",
]

[[package]]
name = "rand_jitter"
version = "0.1.4"
source = "registry+https://github.com/rust-lang/crates.io-index"
checksum = "1166d5c91dc97b88d1decc3285bb0a99ed84b05cfd0bc2341bdf2d43fc41e39b"
dependencies = [
 "libc",
 "rand_core 0.4.0",
 "winapi 0.3.9",
]

[[package]]
name = "rand_os"
version = "0.1.3"
source = "registry+https://github.com/rust-lang/crates.io-index"
checksum = "7b75f676a1e053fc562eafbb47838d67c84801e38fc1ba459e8f180deabd5071"
dependencies = [
 "cloudabi",
 "fuchsia-cprng",
 "libc",
 "rand_core 0.4.0",
 "rdrand",
 "winapi 0.3.9",
]

[[package]]
name = "rand_pcg"
version = "0.1.2"
source = "registry+https://github.com/rust-lang/crates.io-index"
checksum = "abf9b09b01790cfe0364f52bf32995ea3c39f4d2dd011eac241d2914146d0b44"
dependencies = [
 "autocfg 0.1.4",
 "rand_core 0.4.0",
]

[[package]]
name = "rand_xorshift"
version = "0.1.1"
source = "registry+https://github.com/rust-lang/crates.io-index"
checksum = "cbf7e9e623549b0e21f6e97cf8ecf247c1a8fd2e8a992ae265314300b2455d5c"
dependencies = [
 "rand_core 0.3.1",
]

[[package]]
name = "rdrand"
version = "0.4.0"
source = "registry+https://github.com/rust-lang/crates.io-index"
checksum = "678054eb77286b51581ba43620cc911abf02758c91f93f479767aed0f90458b2"
dependencies = [
 "rand_core 0.3.1",
]

[[package]]
name = "redox_syscall"
version = "0.1.54"
source = "registry+https://github.com/rust-lang/crates.io-index"
checksum = "12229c14a0f65c4f1cb046a3b52047cdd9da1f4b30f8a39c5063c8bae515e252"

[[package]]
name = "romio"
version = "0.3.0-alpha.8"
source = "registry+https://github.com/rust-lang/crates.io-index"
checksum = "e45fc890683557502157efb9479163ad7af2ea4bce850cbd1218926d89c13018"
dependencies = [
 "async-datagram",
 "async-ready",
 "crossbeam-utils 0.6.5",
 "futures-preview",
 "lazy_static",
 "libc",
 "log",
 "mio",
 "mio-uds",
 "num_cpus",
 "parking_lot",
 "slab",
]

[[package]]
name = "rustc_version"
version = "0.2.3"
source = "registry+https://github.com/rust-lang/crates.io-index"
checksum = "138e3e0acb6c9fb258b19b67cb8abd63c00679d2851805ea151465464fe9030a"
dependencies = [
 "semver",
]

[[package]]
name = "scopeguard"
version = "0.3.3"
source = "registry+https://github.com/rust-lang/crates.io-index"
checksum = "94258f53601af11e6a49f722422f6e3425c52b06245a5cf9bc09908b174f5e27"

[[package]]
name = "scopeguard"
version = "1.1.0"
source = "registry+https://github.com/rust-lang/crates.io-index"
checksum = "d29ab0c6d3fc0ee92fe66e2d99f700eab17a8d57d1c1d3b748380fb20baa78cd"

[[package]]
name = "seahash"
version = "3.0.7"
source = "registry+https://github.com/rust-lang/crates.io-index"
checksum = "58f57ca1d128a43733fd71d583e837b1f22239a37ebea09cde11d8d9a9080f47"

[[package]]
name = "secp256k1"
version = "0.15.5"
source = "registry+https://github.com/rust-lang/crates.io-index"
checksum = "4d311229f403d64002e9eed9964dfa5a0a0c1ac443344f7546bf48e916c6053a"
dependencies = [
 "cc",
 "rand 0.6.5",
]

[[package]]
name = "semver"
version = "0.9.0"
source = "registry+https://github.com/rust-lang/crates.io-index"
checksum = "1d7eb9ef2c18661902cc47e535f9bc51b78acd254da71d375c2f6720d9a40403"
dependencies = [
 "semver-parser",
]

[[package]]
name = "semver-parser"
version = "0.7.0"
source = "registry+https://github.com/rust-lang/crates.io-index"
checksum = "388a1df253eca08550bef6c72392cfe7c30914bf41df5269b68cbd6ff8f570a3"

[[package]]
name = "serde"
version = "1.0.164"
source = "registry+https://github.com/rust-lang/crates.io-index"
checksum = "9e8c8cf938e98f769bc164923b06dce91cea1751522f46f8466461af04c9027d"

[[package]]
name = "sha2"
version = "0.8.0"
source = "registry+https://github.com/rust-lang/crates.io-index"
checksum = "7b4d8bfd0e469f417657573d8451fb33d16cfe0989359b93baf3a1ffc639543d"
dependencies = [
 "block-buffer",
 "digest",
 "fake-simd",
 "opaque-debug",
]

[[package]]
name = "sha3"
version = "0.8.2"
source = "registry+https://github.com/rust-lang/crates.io-index"
checksum = "dd26bc0e7a2e3a7c959bc494caf58b72ee0c71d67704e9520f736ca7e4853ecf"
dependencies = [
 "block-buffer",
 "byte-tools",
 "digest",
 "keccak",
 "opaque-debug",
]

[[package]]
name = "signal-hook"
version = "0.3.15"
source = "registry+https://github.com/rust-lang/crates.io-index"
checksum = "732768f1176d21d09e076c23a93123d40bba92d50c4058da34d45c8de8e682b9"
dependencies = [
 "libc",
 "signal-hook-registry",
]

[[package]]
name = "signal-hook-registry"
version = "1.4.1"
source = "registry+https://github.com/rust-lang/crates.io-index"
checksum = "d8229b473baa5980ac72ef434c4415e70c4b5e71b423043adb4ba059f89c99a1"
dependencies = [
 "libc",
]

[[package]]
name = "slab"
version = "0.4.2"
source = "registry+https://github.com/rust-lang/crates.io-index"
checksum = "c111b5bd5695e56cffe5129854aa230b39c93a305372fdbb2668ca2394eea9f8"

[[package]]
name = "smallvec"
version = "0.6.10"
source = "registry+https://github.com/rust-lang/crates.io-index"
checksum = "ab606a9c5e214920bb66c458cd7be8ef094f813f20fe77a54cc7dbfff220d4b7"

[[package]]
name = "socket2"
version = "0.4.9"
source = "registry+https://github.com/rust-lang/crates.io-index"
checksum = "64a4a911eed85daf18834cfaa86a79b7d266ff93ff5ba14005426219480ed662"
dependencies = [
 "libc",
 "winapi 0.3.9",
]

[[package]]
name = "sp800-185"
version = "0.2.0"
source = "registry+https://github.com/rust-lang/crates.io-index"
checksum = "c0b18e3b1ddbf090b195425aca6edf8efb8e9b1fd42708131adf0f882db24fc9"
dependencies = [
 "byteorder",
 "tiny-keccak",
]

[[package]]
name = "stable_deref_trait"
version = "1.1.1"
source = "registry+https://github.com/rust-lang/crates.io-index"
checksum = "dba1a27d3efae4351c8051072d619e3ade2820635c3958d826bfea39d59b54c8"

[[package]]
name = "subtle"
version = "1.0.0"
source = "registry+https://github.com/rust-lang/crates.io-index"
checksum = "2d67a5a62ba6e01cb2192ff309324cb4875d0c451d55fe2319433abe7a05a8ee"

[[package]]
name = "syn"
version = "0.15.35"
source = "registry+https://github.com/rust-lang/crates.io-index"
checksum = "641e117d55514d6d918490e47102f7e08d096fdde360247e4a10f7a91a8478d3"
dependencies = [
 "proc-macro2 0.4.30",
 "quote 0.6.12",
 "unicode-xid",
]

[[package]]
name = "syn"
version = "1.0.109"
source = "registry+https://github.com/rust-lang/crates.io-index"
checksum = "72b64191b275b66ffe2469e8af2c1cfe3bafa67b529ead792a6d0160888b4237"
dependencies = [
 "proc-macro2 1.0.60",
 "quote 1.0.28",
 "unicode-ident",
]

[[package]]
name = "syn"
version = "2.0.18"
source = "registry+https://github.com/rust-lang/crates.io-index"
checksum = "32d41677bcbe24c20c52e7c70b0d8db04134c5d1066bf98662e2871ad200ea3e"
dependencies = [
 "proc-macro2 1.0.60",
 "quote 1.0.28",
 "unicode-ident",
]

[[package]]
name = "thiserror"
version = "1.0.40"
source = "registry+https://github.com/rust-lang/crates.io-index"
checksum = "978c9a314bd8dc99be594bc3c175faaa9794be04a5a5e153caba6915336cebac"
dependencies = [
 "thiserror-impl",
]

[[package]]
name = "thiserror-impl"
version = "1.0.40"
source = "registry+https://github.com/rust-lang/crates.io-index"
checksum = "f9456a42c5b0d803c8cd86e73dd7cc9edd429499f37a3550d286d5e86720569f"
dependencies = [
 "proc-macro2 1.0.60",
 "quote 1.0.28",
 "syn 2.0.18",
]

[[package]]
name = "time"
version = "0.1.42"
source = "registry+https://github.com/rust-lang/crates.io-index"
checksum = "db8dcfca086c1143c9270ac42a2bbd8a7ee477b78ac8e45b19abfb0cbede4b6f"
dependencies = [
 "libc",
 "redox_syscall",
 "winapi 0.3.9",
]

[[package]]
name = "tiny-keccak"
version = "1.5.0"
source = "registry+https://github.com/rust-lang/crates.io-index"
checksum = "1d8a021c69bb74a44ccedb824a046447e2c84a01df9e5c20779750acb38e11b2"
dependencies = [
 "crunchy",
]

[[package]]
name = "typenum"
version = "1.10.0"
source = "registry+https://github.com/rust-lang/crates.io-index"
checksum = "612d636f949607bdf9b123b4a6f6d966dedf3ff669f7f045890d3a4a73948169"

[[package]]
name = "unicode-ident"
version = "1.0.9"
source = "registry+https://github.com/rust-lang/crates.io-index"
checksum = "b15811caf2415fb889178633e7724bad2509101cde276048e013b9def5e51fa0"

[[package]]
name = "unicode-xid"
version = "0.1.0"
source = "registry+https://github.com/rust-lang/crates.io-index"
checksum = "fc72304796d0818e357ead4e000d19c9c174ab23dc11093ac919054d20a6a7fc"

[[package]]
name = "value-bag"
version = "1.4.0"
source = "registry+https://github.com/rust-lang/crates.io-index"
checksum = "a4d330786735ea358f3bc09eea4caa098569c1c93f342d9aca0514915022fe7e"

[[package]]
name = "waker-fn"
version = "1.1.0"
source = "registry+https://github.com/rust-lang/crates.io-index"
checksum = "9d5b2c62b4012a3e1eca5a7e077d13b3bf498c4073e33ccd58626607748ceeca"

[[package]]
name = "wasi"
version = "0.9.0+wasi-snapshot-preview1"
source = "registry+https://github.com/rust-lang/crates.io-index"
checksum = "cccddf32554fecc6acb585f82a32a72e28b48f8c4c1883ddfeeeaa96f7d8e519"

[[package]]
name = "wasm-bindgen"
version = "0.2.87"
source = "registry+https://github.com/rust-lang/crates.io-index"
checksum = "7706a72ab36d8cb1f80ffbf0e071533974a60d0a308d01a5d0375bf60499a342"
dependencies = [
 "cfg-if 1.0.0",
 "wasm-bindgen-macro",
]

[[package]]
name = "wasm-bindgen-backend"
version = "0.2.87"
source = "registry+https://github.com/rust-lang/crates.io-index"
checksum = "5ef2b6d3c510e9625e5fe6f509ab07d66a760f0885d858736483c32ed7809abd"
dependencies = [
 "bumpalo",
 "log",
 "once_cell",
 "proc-macro2 1.0.60",
 "quote 1.0.28",
 "syn 2.0.18",
 "wasm-bindgen-shared",
]

[[package]]
name = "wasm-bindgen-futures"
version = "0.4.37"
source = "registry+https://github.com/rust-lang/crates.io-index"
checksum = "c02dbc21516f9f1f04f187958890d7e6026df8d16540b7ad9492bc34a67cea03"
dependencies = [
 "cfg-if 1.0.0",
 "js-sys",
 "wasm-bindgen",
 "web-sys",
]

[[package]]
name = "wasm-bindgen-macro"
version = "0.2.87"
source = "registry+https://github.com/rust-lang/crates.io-index"
checksum = "dee495e55982a3bd48105a7b947fd2a9b4a8ae3010041b9e0faab3f9cd028f1d"
dependencies = [
 "quote 1.0.28",
 "wasm-bindgen-macro-support",
]

[[package]]
name = "wasm-bindgen-macro-support"
version = "0.2.87"
source = "registry+https://github.com/rust-lang/crates.io-index"
checksum = "54681b18a46765f095758388f2d0cf16eb8d4169b639ab575a8f5693af210c7b"
dependencies = [
 "proc-macro2 1.0.60",
 "quote 1.0.28",
 "syn 2.0.18",
 "wasm-bindgen-backend",
 "wasm-bindgen-shared",
]

[[package]]
name = "wasm-bindgen-shared"
version = "0.2.87"
source = "registry+https://github.com/rust-lang/crates.io-index"
checksum = "ca6ad05a4870b2bf5fe995117d3728437bd27d7cd5f06f13c17443ef369775a1"

[[package]]
name = "web-sys"
version = "0.3.64"
source = "registry+https://github.com/rust-lang/crates.io-index"
checksum = "9b85cbef8c220a6abc02aefd892dfc0fc23afb1c6a426316ec33253a3877249b"
dependencies = [
 "js-sys",
 "wasm-bindgen",
]

[[package]]
name = "wepoll-ffi"
version = "0.1.2"
source = "registry+https://github.com/rust-lang/crates.io-index"
checksum = "d743fdedc5c64377b5fc2bc036b01c7fd642205a0d96356034ae3404d49eb7fb"
dependencies = [
 "cc",
]

[[package]]
name = "winapi"
version = "0.2.8"
source = "registry+https://github.com/rust-lang/crates.io-index"
checksum = "167dc9d6949a9b857f3451275e911c3f44255842c1f7a76f33c55103a909087a"

[[package]]
name = "winapi"
version = "0.3.9"
source = "registry+https://github.com/rust-lang/crates.io-index"
checksum = "5c839a674fcd7a98952e593242ea400abe93992746761e38641405d28b00f419"
dependencies = [
 "winapi-i686-pc-windows-gnu",
 "winapi-x86_64-pc-windows-gnu",
]

[[package]]
name = "winapi-build"
version = "0.1.1"
source = "registry+https://github.com/rust-lang/crates.io-index"
checksum = "2d315eee3b34aca4797b2da6b13ed88266e6d612562a0c46390af8299fc699bc"

[[package]]
name = "winapi-i686-pc-windows-gnu"
version = "0.4.0"
source = "registry+https://github.com/rust-lang/crates.io-index"
checksum = "ac3b87c63620426dd9b991e5ce0329eff545bccbbb34f3be09ff6fb6ab51b7b6"

[[package]]
name = "winapi-x86_64-pc-windows-gnu"
version = "0.4.0"
source = "registry+https://github.com/rust-lang/crates.io-index"
checksum = "712e227841d057c1ee1cd2fb22fa7e5a5461ae8e48fa2ca79ec42cfc1931183f"

[[package]]
name = "windows-sys"
version = "0.42.0"
source = "registry+https://github.com/rust-lang/crates.io-index"
checksum = "5a3e1820f08b8513f676f7ab6c1f99ff312fb97b553d30ff4dd86f9f15728aa7"
dependencies = [
 "windows_aarch64_gnullvm",
 "windows_aarch64_msvc",
 "windows_i686_gnu",
 "windows_i686_msvc",
 "windows_x86_64_gnu",
 "windows_x86_64_gnullvm",
 "windows_x86_64_msvc",
]

[[package]]
name = "windows_aarch64_gnullvm"
version = "0.42.2"
source = "registry+https://github.com/rust-lang/crates.io-index"
checksum = "597a5118570b68bc08d8d59125332c54f1ba9d9adeedeef5b99b02ba2b0698f8"

[[package]]
name = "windows_aarch64_msvc"
version = "0.42.2"
source = "registry+https://github.com/rust-lang/crates.io-index"
checksum = "e08e8864a60f06ef0d0ff4ba04124db8b0fb3be5776a5cd47641e942e58c4d43"

[[package]]
name = "windows_i686_gnu"
version = "0.42.2"
source = "registry+https://github.com/rust-lang/crates.io-index"
checksum = "c61d927d8da41da96a81f029489353e68739737d3beca43145c8afec9a31a84f"

[[package]]
name = "windows_i686_msvc"
version = "0.42.2"
source = "registry+https://github.com/rust-lang/crates.io-index"
checksum = "44d840b6ec649f480a41c8d80f9c65108b92d89345dd94027bfe06ac444d1060"

[[package]]
name = "windows_x86_64_gnu"
version = "0.42.2"
source = "registry+https://github.com/rust-lang/crates.io-index"
checksum = "8de912b8b8feb55c064867cf047dda097f92d51efad5b491dfb98f6bbb70cb36"

[[package]]
name = "windows_x86_64_gnullvm"
version = "0.42.2"
source = "registry+https://github.com/rust-lang/crates.io-index"
checksum = "26d41b46a36d453748aedef1486d5c7a85db22e56aff34643984ea85514e94a3"

[[package]]
name = "windows_x86_64_msvc"
version = "0.42.2"
source = "registry+https://github.com/rust-lang/crates.io-index"
checksum = "9aec5da331524158c6d1a4ac0ab1541149c0b9505fde06423b02f5ef0106b9f0"

[[package]]
name = "ws2_32-sys"
version = "0.2.1"
source = "registry+https://github.com/rust-lang/crates.io-index"
checksum = "d59cefebd0c892fa2dd6de581e937301d8552cb44489cdff035c6187cb63fa5e"
dependencies = [
 "winapi 0.2.8",
 "winapi-build",
]

[[package]]
name = "xoroshiro128"
version = "0.3.0"
source = "registry+https://github.com/rust-lang/crates.io-index"
checksum = "e0eeda34baec49c4f1eb2c04d59b761582fd6330010f9330ca696ca1a355dfcd"
dependencies = [
 "rand 0.4.6",
]
